
Microsoft Visual Studio Solution File, Format Version 12.00
# Visual Studio Version 17
VisualStudioVersion = 17.3.32901.215
MinimumVisualStudioVersion = 10.0.40219.1
Project("{FAE04EC0-301F-11D3-BF4B-00C04F79EFBC}") = "UrlShortener", "UrlShortener\UrlShortener.csproj", "{96AD438A-A080-4E0F-B0F6-E73FA58C6D34}"
EndProject
Project("{FAE04EC0-301F-11D3-BF4B-00C04F79EFBC}") = "UrlShortenerAPI", "UrlShortenerAPI\UrlShortenerAPI.csproj", "{3F9F3876-2538-4273-B4B9-8E948954285F}"
EndProject
Project("{E53339B2-1760-4266-BCC7-CA923CBCF16C}") = "docker-compose", "docker-compose.dcproj", "{8DB19E39-215A-42C8-97B7-EE3988D676CD}"
EndProject
Global
	GlobalSection(SolutionConfigurationPlatforms) = preSolution
		Debug|Any CPU = Debug|Any CPU
		Release|Any CPU = Release|Any CPU
	EndGlobalSection
	GlobalSection(ProjectConfigurationPlatforms) = postSolution
		{96AD438A-A080-4E0F-B0F6-E73FA58C6D34}.Debug|Any CPU.ActiveCfg = Debug|Any CPU
		{96AD438A-A080-4E0F-B0F6-E73FA58C6D34}.Debug|Any CPU.Build.0 = Debug|Any CPU
		{96AD438A-A080-4E0F-B0F6-E73FA58C6D34}.Release|Any CPU.ActiveCfg = Release|Any CPU
		{96AD438A-A080-4E0F-B0F6-E73FA58C6D34}.Release|Any CPU.Build.0 = Release|Any CPU
		{3F9F3876-2538-4273-B4B9-8E948954285F}.Debug|Any CPU.ActiveCfg = Debug|Any CPU
		{3F9F3876-2538-4273-B4B9-8E948954285F}.Debug|Any CPU.Build.0 = Debug|Any CPU
		{3F9F3876-2538-4273-B4B9-8E948954285F}.Release|Any CPU.ActiveCfg = Release|Any CPU
		{3F9F3876-2538-4273-B4B9-8E948954285F}.Release|Any CPU.Build.0 = Release|Any CPU
		{8DB19E39-215A-42C8-97B7-EE3988D676CD}.Debug|Any CPU.ActiveCfg = Debug|Any CPU
		{8DB19E39-215A-42C8-97B7-EE3988D676CD}.Debug|Any CPU.Build.0 = Debug|Any CPU
		{8DB19E39-215A-42C8-97B7-EE3988D676CD}.Release|Any CPU.ActiveCfg = Release|Any CPU
		{8DB19E39-215A-42C8-97B7-EE3988D676CD}.Release|Any CPU.Build.0 = Release|Any CPU
	EndGlobalSection
	GlobalSection(SolutionProperties) = preSolution
		HideSolutionNode = FALSE
	EndGlobalSection
	GlobalSection(ExtensibilityGlobals) = postSolution
		SolutionGuid = {50E75EF9-9933-41EB-8111-8D3ED80A632B}
	EndGlobalSection
EndGlobal
